// !$*UTF8*$!
{
	archiveVersion = 1;
	classes = {
	};
	objectVersion = 46;
	objects = {

/* Begin PBXBuildFile section */
		AFC91BF51E48428C00B17C08 /* AppDelegate.swift in Sources */ = {isa = PBXBuildFile; fileRef = AFC91BF41E48428C00B17C08 /* AppDelegate.swift */; };
		AFC91BF71E48428C00B17C08 /* ViewController.swift in Sources */ = {isa = PBXBuildFile; fileRef = AFC91BF61E48428C00B17C08 /* ViewController.swift */; };
		AFC91BFA1E48428C00B17C08 /* Main.storyboard in Resources */ = {isa = PBXBuildFile; fileRef = AFC91BF81E48428C00B17C08 /* Main.storyboard */; };
		AFC91BFC1E48428C00B17C08 /* Assets.xcassets in Resources */ = {isa = PBXBuildFile; fileRef = AFC91BFB1E48428C00B17C08 /* Assets.xcassets */; };
		AFC91BFF1E48428C00B17C08 /* LaunchScreen.storyboard in Resources */ = {isa = PBXBuildFile; fileRef = AFC91BFD1E48428C00B17C08 /* LaunchScreen.storyboard */; };
		AFC91C0A1E48428C00B17C08 /* asyncAfterTests.swift in Sources */ = {isa = PBXBuildFile; fileRef = AFC91C091E48428C00B17C08 /* asyncAfterTests.swift */; };
		AFC91C151E48428C00B17C08 /* asyncAfterUITests.swift in Sources */ = {isa = PBXBuildFile; fileRef = AFC91C141E48428C00B17C08 /* asyncAfterUITests.swift */; };
/* End PBXBuildFile section */

/* Begin PBXContainerItemProxy section */
		AFC91C061E48428C00B17C08 /* PBXContainerItemProxy */ = {
			isa = PBXContainerItemProxy;
			containerPortal = AFC91BE91E48428C00B17C08 /* Project object */;
			proxyType = 1;
			remoteGlobalIDString = AFC91BF01E48428C00B17C08;
			remoteInfo = asyncAfter;
		};
		AFC91C111E48428C00B17C08 /* PBXContainerItemProxy */ = {
			isa = PBXContainerItemProxy;
			containerPortal = AFC91BE91E48428C00B17C08 /* Project object */;
			proxyType = 1;
			remoteGlobalIDString = AFC91BF01E48428C00B17C08;
			remoteInfo = asyncAfter;
		};
/* End PBXContainerItemProxy section */

/* Begin PBXFileReference section */
		AFC91BF11E48428C00B17C08 /* asyncAfter.app */ = {isa = PBXFileReference; explicitFileType = wrapper.application; includeInIndex = 0; path = asyncAfter.app; sourceTree = BUILT_PRODUCTS_DIR; };
		AFC91BF41E48428C00B17C08 /* AppDelegate.swift */ = {isa = PBXFileReference; lastKnownFileType = sourcecode.swift; path = AppDelegate.swift; sourceTree = "<group>"; };
		AFC91BF61E48428C00B17C08 /* ViewController.swift */ = {isa = PBXFileReference; lastKnownFileType = sourcecode.swift; path = ViewController.swift; sourceTree = "<group>"; };
		AFC91BF91E48428C00B17C08 /* Base */ = {isa = PBXFileReference; lastKnownFileType = file.storyboard; name = Base; path = Base.lproj/Main.storyboard; sourceTree = "<group>"; };
		AFC91BFB1E48428C00B17C08 /* Assets.xcassets */ = {isa = PBXFileReference; lastKnownFileType = folder.assetcatalog; path = Assets.xcassets; sourceTree = "<group>"; };
		AFC91BFE1E48428C00B17C08 /* Base */ = {isa = PBXFileReference; lastKnownFileType = file.storyboard; name = Base; path = Base.lproj/LaunchScreen.storyboard; sourceTree = "<group>"; };
		AFC91C001E48428C00B17C08 /* Info.plist */ = {isa = PBXFileReference; lastKnownFileType = text.plist.xml; path = Info.plist; sourceTree = "<group>"; };
		AFC91C051E48428C00B17C08 /* asyncAfterTests.xctest */ = {isa = PBXFileReference; explicitFileType = wrapper.cfbundle; includeInIndex = 0; path = asyncAfterTests.xctest; sourceTree = BUILT_PRODUCTS_DIR; };
		AFC91C091E48428C00B17C08 /* asyncAfterTests.swift */ = {isa = PBXFileReference; lastKnownFileType = sourcecode.swift; path = asyncAfterTests.swift; sourceTree = "<group>"; };
		AFC91C0B1E48428C00B17C08 /* Info.plist */ = {isa = PBXFileReference; lastKnownFileType = text.plist.xml; path = Info.plist; sourceTree = "<group>"; };
		AFC91C101E48428C00B17C08 /* asyncAfterUITests.xctest */ = {isa = PBXFileReference; explicitFileType = wrapper.cfbundle; includeInIndex = 0; path = asyncAfterUITests.xctest; sourceTree = BUILT_PRODUCTS_DIR; };
		AFC91C141E48428C00B17C08 /* asyncAfterUITests.swift */ = {isa = PBXFileReference; lastKnownFileType = sourcecode.swift; path = asyncAfterUITests.swift; sourceTree = "<group>"; };
		AFC91C161E48428C00B17C08 /* Info.plist */ = {isa = PBXFileReference; lastKnownFileType = text.plist.xml; path = Info.plist; sourceTree = "<group>"; };
/* End PBXFileReference section */

/* Begin PBXFrameworksBuildPhase section */
		AFC91BEE1E48428C00B17C08 /* Frameworks */ = {
			isa = PBXFrameworksBuildPhase;
			buildActionMask = 2147483647;
			files = (
			);
			runOnlyForDeploymentPostprocessing = 0;
		};
		AFC91C021E48428C00B17C08 /* Frameworks */ = {
			isa = PBXFrameworksBuildPhase;
			buildActionMask = 2147483647;
			files = (
			);
			runOnlyForDeploymentPostprocessing = 0;
		};
		AFC91C0D1E48428C00B17C08 /* Frameworks */ = {
			isa = PBXFrameworksBuildPhase;
			buildActionMask = 2147483647;
			files = (
			);
			runOnlyForDeploymentPostprocessing = 0;
		};
/* End PBXFrameworksBuildPhase section */

/* Begin PBXGroup section */
		AFC91BE81E48428C00B17C08 = {
			isa = PBXGroup;
			children = (
				AFC91BF31E48428C00B17C08 /* asyncAfter */,
				AFC91C081E48428C00B17C08 /* asyncAfterTests */,
				AFC91C131E48428C00B17C08 /* asyncAfterUITests */,
				AFC91BF21E48428C00B17C08 /* Products */,
			);
			sourceTree = "<group>";
		};
		AFC91BF21E48428C00B17C08 /* Products */ = {
			isa = PBXGroup;
			children = (
				AFC91BF11E48428C00B17C08 /* asyncAfter.app */,
				AFC91C051E48428C00B17C08 /* asyncAfterTests.xctest */,
				AFC91C101E48428C00B17C08 /* asyncAfterUITests.xctest */,
			);
			name = Products;
			sourceTree = "<group>";
		};
		AFC91BF31E48428C00B17C08 /* asyncAfter */ = {
			isa = PBXGroup;
			children = (
				AFC91BF41E48428C00B17C08 /* AppDelegate.swift */,
				AFC91BF61E48428C00B17C08 /* ViewController.swift */,
				AFC91BF81E48428C00B17C08 /* Main.storyboard */,
				AFC91BFB1E48428C00B17C08 /* Assets.xcassets */,
				AFC91BFD1E48428C00B17C08 /* LaunchScreen.storyboard */,
				AFC91C001E48428C00B17C08 /* Info.plist */,
			);
			path = asyncAfter;
			sourceTree = "<group>";
		};
		AFC91C081E48428C00B17C08 /* asyncAfterTests */ = {
			isa = PBXGroup;
			children = (
				AFC91C091E48428C00B17C08 /* asyncAfterTests.swift */,
				AFC91C0B1E48428C00B17C08 /* Info.plist */,
			);
			path = asyncAfterTests;
			sourceTree = "<group>";
		};
		AFC91C131E48428C00B17C08 /* asyncAfterUITests */ = {
			isa = PBXGroup;
			children = (
				AFC91C141E48428C00B17C08 /* asyncAfterUITests.swift */,
				AFC91C161E48428C00B17C08 /* Info.plist */,
			);
			path = asyncAfterUITests;
			sourceTree = "<group>";
		};
/* End PBXGroup section */

/* Begin PBXNativeTarget section */
		AFC91BF01E48428C00B17C08 /* asyncAfter */ = {
			isa = PBXNativeTarget;
			buildConfigurationList = AFC91C191E48428C00B17C08 /* Build configuration list for PBXNativeTarget "asyncAfter" */;
			buildPhases = (
				AFC91BED1E48428C00B17C08 /* Sources */,
				AFC91BEE1E48428C00B17C08 /* Frameworks */,
				AFC91BEF1E48428C00B17C08 /* Resources */,
			);
			buildRules = (
			);
			dependencies = (
			);
			name = asyncAfter;
			productName = asyncAfter;
			productReference = AFC91BF11E48428C00B17C08 /* asyncAfter.app */;
			productType = "com.apple.product-type.application";
		};
		AFC91C041E48428C00B17C08 /* asyncAfterTests */ = {
			isa = PBXNativeTarget;
			buildConfigurationList = AFC91C1C1E48428C00B17C08 /* Build configuration list for PBXNativeTarget "asyncAfterTests" */;
			buildPhases = (
				AFC91C011E48428C00B17C08 /* Sources */,
				AFC91C021E48428C00B17C08 /* Frameworks */,
				AFC91C031E48428C00B17C08 /* Resources */,
			);
			buildRules = (
			);
			dependencies = (
				AFC91C071E48428C00B17C08 /* PBXTargetDependency */,
			);
			name = asyncAfterTests;
			productName = asyncAfterTests;
			productReference = AFC91C051E48428C00B17C08 /* asyncAfterTests.xctest */;
			productType = "com.apple.product-type.bundle.unit-test";
		};
		AFC91C0F1E48428C00B17C08 /* asyncAfterUITests */ = {
			isa = PBXNativeTarget;
			buildConfigurationList = AFC91C1F1E48428C00B17C08 /* Build configuration list for PBXNativeTarget "asyncAfterUITests" */;
			buildPhases = (
				AFC91C0C1E48428C00B17C08 /* Sources */,
				AFC91C0D1E48428C00B17C08 /* Frameworks */,
				AFC91C0E1E48428C00B17C08 /* Resources */,
			);
			buildRules = (
			);
			dependencies = (
				AFC91C121E48428C00B17C08 /* PBXTargetDependency */,
			);
			name = asyncAfterUITests;
			productName = asyncAfterUITests;
			productReference = AFC91C101E48428C00B17C08 /* asyncAfterUITests.xctest */;
			productType = "com.apple.product-type.bundle.ui-testing";
		};
/* End PBXNativeTarget section */

/* Begin PBXProject section */
		AFC91BE91E48428C00B17C08 /* Project object */ = {
			isa = PBXProject;
			attributes = {
				LastSwiftUpdateCheck = 0820;
				LastUpgradeCheck = 0820;
				ORGANIZATIONNAME = PF;
				TargetAttributes = {
					AFC91BF01E48428C00B17C08 = {
						CreatedOnToolsVersion = 8.2.1;
						ProvisioningStyle = Automatic;
					};
					AFC91C041E48428C00B17C08 = {
						CreatedOnToolsVersion = 8.2.1;
						ProvisioningStyle = Automatic;
						TestTargetID = AFC91BF01E48428C00B17C08;
					};
					AFC91C0F1E48428C00B17C08 = {
						CreatedOnToolsVersion = 8.2.1;
						ProvisioningStyle = Automatic;
						TestTargetID = AFC91BF01E48428C00B17C08;
					};
				};
			};
			buildConfigurationList = AFC91BEC1E48428C00B17C08 /* Build configuration list for PBXProject "asyncAfter" */;
			compatibilityVersion = "Xcode 3.2";
			developmentRegion = English;
			hasScannedForEncodings = 0;
			knownRegions = (
				en,
				Base,
			);
			mainGroup = AFC91BE81E48428C00B17C08;
			productRefGroup = AFC91BF21E48428C00B17C08 /* Products */;
			projectDirPath = "";
			projectRoot = "";
			targets = (
				AFC91BF01E48428C00B17C08 /* asyncAfter */,
				AFC91C041E48428C00B17C08 /* asyncAfterTests */,
				AFC91C0F1E48428C00B17C08 /* asyncAfterUITests */,
			);
		};
/* End PBXProject section */

/* Begin PBXResourcesBuildPhase section */
		AFC91BEF1E48428C00B17C08 /* Resources */ = {
			isa = PBXResourcesBuildPhase;
			buildActionMask = 2147483647;
			files = (
				AFC91BFF1E48428C00B17C08 /* LaunchScreen.storyboard in Resources */,
				AFC91BFC1E48428C00B17C08 /* Assets.xcassets in Resources */,
				AFC91BFA1E48428C00B17C08 /* Main.storyboard in Resources */,
			);
			runOnlyForDeploymentPostprocessing = 0;
		};
		AFC91C031E48428C00B17C08 /* Resources */ = {
			isa = PBXResourcesBuildPhase;
			buildActionMask = 2147483647;
			files = (
			);
			runOnlyForDeploymentPostprocessing = 0;
		};
		AFC91C0E1E48428C00B17C08 /* Resources */ = {
			isa = PBXResourcesBuildPhase;
			buildActionMask = 2147483647;
			files = (
			);
			runOnlyForDeploymentPostprocessing = 0;
		};
/* End PBXResourcesBuildPhase section */

/* Begin PBXSourcesBuildPhase section */
		AFC91BED1E48428C00B17C08 /* Sources */ = {
			isa = PBXSourcesBuildPhase;
			buildActionMask = 2147483647;
			files = (
				AFC91BF71E48428C00B17C08 /* ViewController.swift in Sources */,
				AFC91BF51E48428C00B17C08 /* AppDelegate.swift in Sources */,
			);
			runOnlyForDeploymentPostprocessing = 0;
		};
		AFC91C011E48428C00B17C08 /* Sources */ = {
			isa = PBXSourcesBuildPhase;
			buildActionMask = 2147483647;
			files = (
				AFC91C0A1E48428C00B17C08 /* asyncAfterTests.swift in Sources */,
			);
			runOnlyForDeploymentPostprocessing = 0;
		};
		AFC91C0C1E48428C00B17C08 /* Sources */ = {
			isa = PBXSourcesBuildPhase;
			buildActionMask = 2147483647;
			files = (
				AFC91C151E48428C00B17C08 /* asyncAfterUITests.swift in Sources */,
			);
			runOnlyForDeploymentPostprocessing = 0;
		};
/* End PBXSourcesBuildPhase section */

/* Begin PBXTargetDependency section */
		AFC91C071E48428C00B17C08 /* PBXTargetDependency */ = {
			isa = PBXTargetDependency;
			target = AFC91BF01E48428C00B17C08 /* asyncAfter */;
			targetProxy = AFC91C061E48428C00B17C08 /* PBXContainerItemProxy */;
		};
		AFC91C121E48428C00B17C08 /* PBXTargetDependency */ = {
			isa = PBXTargetDependency;
			target = AFC91BF01E48428C00B17C08 /* asyncAfter */;
			targetProxy = AFC91C111E48428C00B17C08 /* PBXContainerItemProxy */;
		};
/* End PBXTargetDependency section */

/* Begin PBXVariantGroup section */
		AFC91BF81E48428C00B17C08 /* Main.storyboard */ = {
			isa = PBXVariantGroup;
			children = (
				AFC91BF91E48428C00B17C08 /* Base */,
			);
			name = Main.storyboard;
			sourceTree = "<group>";
		};
		AFC91BFD1E48428C00B17C08 /* LaunchScreen.storyboard */ = {
			isa = PBXVariantGroup;
			children = (
				AFC91BFE1E48428C00B17C08 /* Base */,
			);
			name = LaunchScreen.storyboard;
			sourceTree = "<group>";
		};
/* End PBXVariantGroup section */

/* Begin XCBuildConfiguration section */
		AFC91C171E48428C00B17C08 /* Debug */ = {
			isa = XCBuildConfiguration;
			buildSettings = {
				ALWAYS_SEARCH_USER_PATHS = NO;
				CLANG_ANALYZER_NONNULL = YES;
				CLANG_CXX_LANGUAGE_STANDARD = "gnu++0x";
				CLANG_CXX_LIBRARY = "libc++";
				CLANG_ENABLE_MODULES = YES;
				CLANG_ENABLE_OBJC_ARC = YES;
				CLANG_WARN_BOOL_CONVERSION = YES;
				CLANG_WARN_CONSTANT_CONVERSION = YES;
				CLANG_WARN_DIRECT_OBJC_ISA_USAGE = YES_ERROR;
				CLANG_WARN_DOCUMENTATION_COMMENTS = YES;
				CLANG_WARN_EMPTY_BODY = YES;
				CLANG_WARN_ENUM_CONVERSION = YES;
				CLANG_WARN_INFINITE_RECURSION = YES;
				CLANG_WARN_INT_CONVERSION = YES;
				CLANG_WARN_OBJC_ROOT_CLASS = YES_ERROR;
				CLANG_WARN_SUSPICIOUS_MOVE = YES;
				CLANG_WARN_UNREACHABLE_CODE = YES;
				CLANG_WARN__DUPLICATE_METHOD_MATCH = YES;
				"CODE_SIGN_IDENTITY[sdk=iphoneos*]" = "iPhone Developer";
				COPY_PHASE_STRIP = NO;
				DEBUG_INFORMATION_FORMAT = dwarf;
				ENABLE_STRICT_OBJC_MSGSEND = YES;
				ENABLE_TESTABILITY = YES;
				GCC_C_LANGUAGE_STANDARD = gnu99;
				GCC_DYNAMIC_NO_PIC = NO;
				GCC_NO_COMMON_BLOCKS = YES;
				GCC_OPTIMIZATION_LEVEL = 0;
				GCC_PREPROCESSOR_DEFINITIONS = (
					"DEBUG=1",
					"$(inherited)",
				);
				GCC_WARN_64_TO_32_BIT_CONVERSION = YES;
				GCC_WARN_ABOUT_RETURN_TYPE = YES_ERROR;
				GCC_WARN_UNDECLARED_SELECTOR = YES;
				GCC_WARN_UNINITIALIZED_AUTOS = YES_AGGRESSIVE;
				GCC_WARN_UNUSED_FUNCTION = YES;
				GCC_WARN_UNUSED_VARIABLE = YES;
				IPHONEOS_DEPLOYMENT_TARGET = 10.2;
				MTL_ENABLE_DEBUG_INFO = YES;
				ONLY_ACTIVE_ARCH = YES;
				SDKROOT = iphoneos;
				SWIFT_ACTIVE_COMPILATION_CONDITIONS = DEBUG;
				SWIFT_OPTIMIZATION_LEVEL = "-Onone";
				TARGETED_DEVICE_FAMILY = "1,2";
			};
			name = Debug;
		};
		AFC91C181E48428C00B17C08 /* Release */ = {
			isa = XCBuildConfiguration;
			buildSettings = {
				ALWAYS_SEARCH_USER_PATHS = NO;
				CLANG_ANALYZER_NONNULL = YES;
				CLANG_CXX_LANGUAGE_STANDARD = "gnu++0x";
				CLANG_CXX_LIBRARY = "libc++";
				CLANG_ENABLE_MODULES = YES;
				CLANG_ENABLE_OBJC_ARC = YES;
				CLANG_WARN_BOOL_CONVERSION = YES;
				CLANG_WARN_CONSTANT_CONVERSION = YES;
				CLANG_WARN_DIRECT_OBJC_ISA_USAGE = YES_ERROR;
				CLANG_WARN_DOCUMENTATION_COMMENTS = YES;
				CLANG_WARN_EMPTY_BODY = YES;
				CLANG_WARN_ENUM_CONVERSION = YES;
				CLANG_WARN_INFINITE_RECURSION = YES;
				CLANG_WARN_INT_CONVERSION = YES;
				CLANG_WARN_OBJC_ROOT_CLASS = YES_ERROR;
				CLANG_WARN_SUSPICIOUS_MOVE = YES;
				CLANG_WARN_UNREACHABLE_CODE = YES;
				CLANG_WARN__DUPLICATE_METHOD_MATCH = YES;
				"CODE_SIGN_IDENTITY[sdk=iphoneos*]" = "iPhone Developer";
				COPY_PHASE_STRIP = NO;
				DEBUG_INFORMATION_FORMAT = "dwarf-with-dsym";
				ENABLE_NS_ASSERTIONS = NO;
				ENABLE_STRICT_OBJC_MSGSEND = YES;
				GCC_C_LANGUAGE_STANDARD = gnu99;
				GCC_NO_COMMON_BLOCKS = YES;
				GCC_WARN_64_TO_32_BIT_CONVERSION = YES;
				GCC_WARN_ABOUT_RETURN_TYPE = YES_ERROR;
				GCC_WARN_UNDECLARED_SELECTOR = YES;
				GCC_WARN_UNINITIALIZED_AUTOS = YES_AGGRESSIVE;
				GCC_WARN_UNUSED_FUNCTION = YES;
				GCC_WARN_UNUSED_VARIABLE = YES;
				IPHONEOS_DEPLOYMENT_TARGET = 10.2;
				MTL_ENABLE_DEBUG_INFO = NO;
				SDKROOT = iphoneos;
				SWIFT_OPTIMIZATION_LEVEL = "-Owholemodule";
				TARGETED_DEVICE_FAMILY = "1,2";
				VALIDATE_PRODUCT = YES;
			};
			name = Release;
		};
		AFC91C1A1E48428C00B17C08 /* Debug */ = {
			isa = XCBuildConfiguration;
			buildSettings = {
				ASSETCATALOG_COMPILER_APPICON_NAME = AppIcon;
				INFOPLIST_FILE = asyncAfter/Info.plist;
				LD_RUNPATH_SEARCH_PATHS = "$(inherited) @executable_path/Frameworks";
				PRODUCT_BUNDLE_IDENTIFIER = PF.asyncAfter;
				PRODUCT_NAME = "$(TARGET_NAME)";
				SWIFT_VERSION = 3.0;
			};
			name = Debug;
		};
		AFC91C1B1E48428C00B17C08 /* Release */ = {
			isa = XCBuildConfiguration;
			buildSettings = {
				ASSETCATALOG_COMPILER_APPICON_NAME = AppIcon;
				INFOPLIST_FILE = asyncAfter/Info.plist;
				LD_RUNPATH_SEARCH_PATHS = "$(inherited) @executable_path/Frameworks";
				PRODUCT_BUNDLE_IDENTIFIER = PF.asyncAfter;
				PRODUCT_NAME = "$(TARGET_NAME)";
				SWIFT_VERSION = 3.0;
			};
			name = Release;
		};
		AFC91C1D1E48428C00B17C08 /* Debug */ = {
			isa = XCBuildConfiguration;
			buildSettings = {
				ALWAYS_EMBED_SWIFT_STANDARD_LIBRARIES = YES;
				BUNDLE_LOADER = "$(TEST_HOST)";
				INFOPLIST_FILE = asyncAfterTests/Info.plist;
				LD_RUNPATH_SEARCH_PATHS = "$(inherited) @executable_path/Frameworks @loader_path/Frameworks";
				PRODUCT_BUNDLE_IDENTIFIER = PF.asyncAfterTests;
				PRODUCT_NAME = "$(TARGET_NAME)";
				SWIFT_VERSION = 3.0;
				TEST_HOST = "$(BUILT_PRODUCTS_DIR)/asyncAfter.app/asyncAfter";
			};
			name = Debug;
		};
		AFC91C1E1E48428C00B17C08 /* Release */ = {
			isa = XCBuildConfiguration;
			buildSettings = {
				ALWAYS_EMBED_SWIFT_STANDARD_LIBRARIES = YES;
				BUNDLE_LOADER = "$(TEST_HOST)";
				INFOPLIST_FILE = asyncAfterTests/Info.plist;
				LD_RUNPATH_SEARCH_PATHS = "$(inherited) @executable_path/Frameworks @loader_path/Frameworks";
				PRODUCT_BUNDLE_IDENTIFIER = PF.asyncAfterTests;
				PRODUCT_NAME = "$(TARGET_NAME)";
				SWIFT_VERSION = 3.0;
				TEST_HOST = "$(BUILT_PRODUCTS_DIR)/asyncAfter.app/asyncAfter";
			};
			name = Release;
		};
		AFC91C201E48428C00B17C08 /* Debug */ = {
			isa = XCBuildConfiguration;
			buildSettings = {
				ALWAYS_EMBED_SWIFT_STANDARD_LIBRARIES = YES;
				INFOPLIST_FILE = asyncAfterUITests/Info.plist;
				LD_RUNPATH_SEARCH_PATHS = "$(inherited) @executable_path/Frameworks @loader_path/Frameworks";
				PRODUCT_BUNDLE_IDENTIFIER = PF.asyncAfterUITests;
				PRODUCT_NAME = "$(TARGET_NAME)";
				SWIFT_VERSION = 3.0;
				TEST_TARGET_NAME = asyncAfter;
			};
			name = Debug;
		};
		AFC91C211E48428C00B17C08 /* Release */ = {
			isa = XCBuildConfiguration;
			buildSettings = {
				ALWAYS_EMBED_SWIFT_STANDARD_LIBRARIES = YES;
				INFOPLIST_FILE = asyncAfterUITests/Info.plist;
				LD_RUNPATH_SEARCH_PATHS = "$(inherited) @executable_path/Frameworks @loader_path/Frameworks";
				PRODUCT_BUNDLE_IDENTIFIER = PF.asyncAfterUITests;
				PRODUCT_NAME = "$(TARGET_NAME)";
				SWIFT_VERSION = 3.0;
				TEST_TARGET_NAME = asyncAfter;
			};
			name = Release;
		};
/* End XCBuildConfiguration section */

/* Begin XCConfigurationList section */
		AFC91BEC1E48428C00B17C08 /* Build configuration list for PBXProject "asyncAfter" */ = {
			isa = XCConfigurationList;
			buildConfigurations = (
				AFC91C171E48428C00B17C08 /* Debug */,
				AFC91C181E48428C00B17C08 /* Release */,
			);
			defaultConfigurationIsVisible = 0;
			defaultConfigurationName = Release;
		};
		AFC91C191E48428C00B17C08 /* Build configuration list for PBXNativeTarget "asyncAfter" */ = {
			isa = XCConfigurationList;
			buildConfigurations = (
				AFC91C1A1E48428C00B17C08 /* Debug */,
				AFC91C1B1E48428C00B17C08 /* Release */,
			);
			defaultConfigurationIsVisible = 0;
		};
		AFC91C1C1E48428C00B17C08 /* Build configuration list for PBXNativeTarget "asyncAfterTests" */ = {
			isa = XCConfigurationList;
			buildConfigurations = (
				AFC91C1D1E48428C00B17C08 /* Debug */,
				AFC91C1E1E48428C00B17C08 /* Release */,
			);
			defaultConfigurationIsVisible = 0;
		};
		AFC91C1F1E48428C00B17C08 /* Build configuration list for PBXNativeTarget "asyncAfterUITests" */ = {
			isa = XCConfigurationList;
			buildConfigurations = (
				AFC91C201E48428C00B17C08 /* Debug */,
				AFC91C211E48428C00B17C08 /* Release */,
			);
			defaultConfigurationIsVisible = 0;
		};
/* End XCConfigurationList section */
	};
	rootObject = AFC91BE91E48428C00B17C08 /* Project object */;
}
